
Microsoft Visual Studio Solution File, Format Version 12.00
# Visual Studio Version 17
VisualStudioVersion = 17.9.34728.123
MinimumVisualStudioVersion = 10.0.40219.1
Project("{9A19103F-16F7-4668-BE54-9A1E7A4F7556}") = "DataAccess", "DataAccess\DataAccess.csproj", "{352561E5-6FB0-4E39-9C05-C91438BBF91A}"
EndProject
Project("{9A19103F-16F7-4668-BE54-9A1E7A4F7556}") = "Business", "Business\Business.csproj", "{1DE37321-FBA1-4C8E-9996-2D560D9B6D28}"
EndProject
Project("{9A19103F-16F7-4668-BE54-9A1E7A4F7556}") = "Entities", "Entities\Entities.csproj", "{B1A0EAFD-B092-4064-85A9-2A883FF20F0B}"
EndProject
Project("{9A19103F-16F7-4668-BE54-9A1E7A4F7556}") = "Core", "Core\Core.csproj", "{790CEAC7-CD85-493A-AFC9-708125277F9E}"
EndProject
Project("{9A19103F-16F7-4668-BE54-9A1E7A4F7556}") = "WebAPI", "WebAPI\WebAPI.csproj", "{5BA52892-96F1-493D-AAAD-ED8638DD18E5}"
EndProject
Global
	GlobalSection(SolutionConfigurationPlatforms) = preSolution
		Debug|Any CPU = Debug|Any CPU
		Release|Any CPU = Release|Any CPU
	EndGlobalSection
	GlobalSection(ProjectConfigurationPlatforms) = postSolution
		{352561E5-6FB0-4E39-9C05-C91438BBF91A}.Debug|Any CPU.ActiveCfg = Debug|Any CPU
		{352561E5-6FB0-4E39-9C05-C91438BBF91A}.Debug|Any CPU.Build.0 = Debug|Any CPU
		{352561E5-6FB0-4E39-9C05-C91438BBF91A}.Release|Any CPU.ActiveCfg = Release|Any CPU
		{352561E5-6FB0-4E39-9C05-C91438BBF91A}.Release|Any CPU.Build.0 = Release|Any CPU
		{1DE37321-FBA1-4C8E-9996-2D560D9B6D28}.Debug|Any CPU.ActiveCfg = Debug|Any CPU
		{1DE37321-FBA1-4C8E-9996-2D560D9B6D28}.Debug|Any CPU.Build.0 = Debug|Any CPU
		{1DE37321-FBA1-4C8E-9996-2D560D9B6D28}.Release|Any CPU.ActiveCfg = Release|Any CPU
		{1DE37321-FBA1-4C8E-9996-2D560D9B6D28}.Release|Any CPU.Build.0 = Release|Any CPU
		{B1A0EAFD-B092-4064-85A9-2A883FF20F0B}.Debug|Any CPU.ActiveCfg = Debug|Any CPU
		{B1A0EAFD-B092-4064-85A9-2A883FF20F0B}.Debug|Any CPU.Build.0 = Debug|Any CPU
		{B1A0EAFD-B092-4064-85A9-2A883FF20F0B}.Release|Any CPU.ActiveCfg = Release|Any CPU
		{B1A0EAFD-B092-4064-85A9-2A883FF20F0B}.Release|Any CPU.Build.0 = Release|Any CPU
		{790CEAC7-CD85-493A-AFC9-708125277F9E}.Debug|Any CPU.ActiveCfg = Debug|Any CPU
		{790CEAC7-CD85-493A-AFC9-708125277F9E}.Debug|Any CPU.Build.0 = Debug|Any CPU
		{790CEAC7-CD85-493A-AFC9-708125277F9E}.Release|Any CPU.ActiveCfg = Release|Any CPU
		{790CEAC7-CD85-493A-AFC9-708125277F9E}.Release|Any CPU.Build.0 = Release|Any CPU
		{5BA52892-96F1-493D-AAAD-ED8638DD18E5}.Debug|Any CPU.ActiveCfg = Debug|Any CPU
		{5BA52892-96F1-493D-AAAD-ED8638DD18E5}.Debug|Any CPU.Build.0 = Debug|Any CPU
		{5BA52892-96F1-493D-AAAD-ED8638DD18E5}.Release|Any CPU.ActiveCfg = Release|Any CPU
		{5BA52892-96F1-493D-AAAD-ED8638DD18E5}.Release|Any CPU.Build.0 = Release|Any CPU
	EndGlobalSection
	GlobalSection(SolutionProperties) = preSolution
		HideSolutionNode = FALSE
	EndGlobalSection
	GlobalSection(ExtensibilityGlobals) = postSolution
		SolutionGuid = {B0A3B298-1C8B-4B09-A79C-54767FA663EF}
	EndGlobalSection
EndGlobal
